
Microsoft Visual Studio Solution File, Format Version 12.00
# Visual Studio Version 16
VisualStudioVersion = 16.0.31205.134
MinimumVisualStudioVersion = 10.0.40219.1
Project("{FAE04EC0-301F-11D3-BF4B-00C04F79EFBC}") = "WebAPi_Kairos", "WebAPi_Kairos.csproj", "{5D3338E0-0ECD-4DCB-9D66-A8342C8C017F}"
EndProject
Global
	GlobalSection(SolutionConfigurationPlatforms) = preSolution
		Debug|Any CPU = Debug|Any CPU
		Release|Any CPU = Release|Any CPU
	EndGlobalSection
	GlobalSection(ProjectConfigurationPlatforms) = postSolution
		{5D3338E0-0ECD-4DCB-9D66-A8342C8C017F}.Debug|Any CPU.ActiveCfg = Debug|Any CPU
		{5D3338E0-0ECD-4DCB-9D66-A8342C8C017F}.Debug|Any CPU.Build.0 = Debug|Any CPU
		{5D3338E0-0ECD-4DCB-9D66-A8342C8C017F}.Release|Any CPU.ActiveCfg = Release|Any CPU
		{5D3338E0-0ECD-4DCB-9D66-A8342C8C017F}.Release|Any CPU.Build.0 = Release|Any CPU
	EndGlobalSection
	GlobalSection(SolutionProperties) = preSolution
		HideSolutionNode = FALSE
	EndGlobalSection
	GlobalSection(ExtensibilityGlobals) = postSolution
		SolutionGuid = {06925242-08A1-42A1-B3B1-350E6774AFBA}
	EndGlobalSection
EndGlobal
